
Microsoft Visual Studio Solution File, Format Version 12.00
# Visual Studio Version 17
VisualStudioVersion = 17.14.36301.6 d17.14
MinimumVisualStudioVersion = 10.0.40219.1
Project("{FAE04EC0-301F-11D3-BF4B-00C04F79EFBC}") = "PostOffice", "PostOffice_Web/PostOffice.csproj", "{CF4D2864-7E3B-488C-B947-0AA779043530}"
EndProject
Global
	GlobalSection(SolutionConfigurationPlatforms) = preSolution
		Debug|Any CPU = Debug|Any CPU
		Release|Any CPU = Release|Any CPU
	EndGlobalSection
	GlobalSection(ProjectConfigurationPlatforms) = postSolution
		{CF4D2864-7E3B-488C-B947-0AA779043530}.Debug|Any CPU.ActiveCfg = Debug|Any CPU
		{CF4D2864-7E3B-488C-B947-0AA779043530}.Debug|Any CPU.Build.0 = Debug|Any CPU
		{CF4D2864-7E3B-488C-B947-0AA779043530}.Release|Any CPU.ActiveCfg = Release|Any CPU
		{CF4D2864-7E3B-488C-B947-0AA779043530}.Release|Any CPU.Build.0 = Release|Any CPU
	EndGlobalSection
	GlobalSection(SolutionProperties) = preSolution
		HideSolutionNode = FALSE
	EndGlobalSection
	GlobalSection(ExtensibilityGlobals) = postSolution
		SolutionGuid = {42F1DCB5-E813-4DD4-82BD-0572C7C6AEB7}
	EndGlobalSection
EndGlobal
